lockfileVersion: '9.0'

settings:
  autoInstallPeers: true
  excludeLinksFromLockfile: false

importers:

  .:
    devDependencies:
      '@types/react':
        specifier: ^19.1.0
        version: 19.1.0
      react:
        specifier: ^17.0.2
        version: 17.0.2

packages:

  '@types/react@19.1.0':
    resolution: {integrity: sha512-UaicktuQI+9UKyA4njtDOGBD/67t8YEBt2xdfqu8+gP9hqPUPsiXlNPcpS2gVdjmis5GKPG3fCxbQLVgxsQZ8w==}

  csstype@3.1.3:
    resolution: {integrity: sha512-M1uQkMl8rQK/szD0LNhtqxIPLpimGm8sOBwU7lLnCpSbTyY3yeU1Vc7l4KT5zT4s/yOxHH5O7tIuuLOCnLADRw==}

  js-tokens@4.0.0:
    resolution: {integrity: sha512-RdJUflcE3cUzKiMqQgsCu06FPu9UdIJO0beYbPhHN4k6apgJtifcoCtT9bcxOpYBtpD2kCM6Sbzg4CausW/PKQ==}

  loose-envify@1.4.0:
    resolution: {integrity: sha512-lyuxPGr/Wfhrlem2CL/UcnUc1zcqKAImBDzukY7Y5F/yQiNdko6+fRLevlw1HgMySw7f611UIY408EtxRSoK3Q==}
    hasBin: true

  object-assign@4.1.1:
    resolution: {integrity: sha512-rJgTQnkUnH1sFw8yT6VSU3zD3sWmu6sZhIseY8VX+GRu3P6F7Fu+JNDoXfklElbLJSnc3FUQHVe4cU5hj+BcUg==}
    engines: {node: '>=0.10.0'}

  react@17.0.2:
    resolution: {integrity: sha512-gnhPt75i/dq/z3/6q/0asP78D0u592D5L1pd7M8P+dck6Fu/jJeL6iVVK23fptSUZj8Vjf++7wXA8UNclGQcbA==}
    engines: {node: '>=0.10.0'}

snapshots:

  '@types/react@19.1.0':
    dependencies:
      csstype: 3.1.3

  csstype@3.1.3: {}

  js-tokens@4.0.0: {}

  loose-envify@1.4.0:
    dependencies:
      js-tokens: 4.0.0

  object-assign@4.1.1: {}

  react@17.0.2:
    dependencies:
      loose-envify: 1.4.0
      object-assign: 4.1.1
